
Microsoft Visual Studio Solution File, Format Version 12.00
# Visual Studio Version 17
VisualStudioVersion = 17.13.35919.96 d17.13
MinimumVisualStudioVersion = 10.0.40219.1
Project("{FAE04EC0-301F-11D3-BF4B-00C04F79EFBC}") = "Activity1", "Activity1\Activity1.csproj", "{660A9E6A-DA78-4F5B-B280-3037A6CC7005}"
EndProject
Global
	GlobalSection(SolutionConfigurationPlatforms) = preSolution
		Debug|Any CPU = Debug|Any CPU
		Release|Any CPU = Release|Any CPU
	EndGlobalSection
	GlobalSection(ProjectConfigurationPlatforms) = postSolution
		{660A9E6A-DA78-4F5B-B280-3037A6CC7005}.Debug|Any CPU.ActiveCfg = Debug|Any CPU
		{660A9E6A-DA78-4F5B-B280-3037A6CC7005}.Debug|Any CPU.Build.0 = Debug|Any CPU
		{660A9E6A-DA78-4F5B-B280-3037A6CC7005}.Release|Any CPU.ActiveCfg = Release|Any CPU
		{660A9E6A-DA78-4F5B-B280-3037A6CC7005}.Release|Any CPU.Build.0 = Release|Any CPU
	EndGlobalSection
	GlobalSection(SolutionProperties) = preSolution
		HideSolutionNode = FALSE
	EndGlobalSection
	GlobalSection(ExtensibilityGlobals) = postSolution
		SolutionGuid = {7CD9F136-CE5F-4645-8EB5-DC2240AB4B48}
	EndGlobalSection
EndGlobal
